
Microsoft Visual Studio Solution File, Format Version 12.00
# Visual Studio Version 17
VisualStudioVersion = 17.5.33627.172
MinimumVisualStudioVersion = 10.0.40219.1
Project("{9A19103F-16F7-4668-BE54-9A1E7A4F7556}") = "Sella-API", "Sella-API\Sella-API.csproj", "{4AB6E7A4-C866-4C16-8AF4-3AD481C0CBD9}"
EndProject
Project("{9A19103F-16F7-4668-BE54-9A1E7A4F7556}") = "Sella-DashBoard", "Sella-DashBoard\Sella-DashBoard.csproj", "{947F08ED-D33A-4023-9B4B-F213990B41B8}"
EndProject
Project("{9A19103F-16F7-4668-BE54-9A1E7A4F7556}") = "Sella-JwtAuthentication", "Sella-JwtAuthentication\Sella-JwtAuthentication.csproj", "{191775B9-6581-4FF9-9BDE-8341A7CB0A18}"
EndProject
Project("{FAE04EC0-301F-11D3-BF4B-00C04F79EFBC}") = "DashboardSella", "DashboardSella\DashboardSella.csproj", "{FA997D77-E303-4818-86E7-8D0019F4E16D}"
EndProject
Global
	GlobalSection(SolutionConfigurationPlatforms) = preSolution
		Debug|Any CPU = Debug|Any CPU
		Release|Any CPU = Release|Any CPU
	EndGlobalSection
	GlobalSection(ProjectConfigurationPlatforms) = postSolution
		{4AB6E7A4-C866-4C16-8AF4-3AD481C0CBD9}.Debug|Any CPU.ActiveCfg = Debug|Any CPU
		{4AB6E7A4-C866-4C16-8AF4-3AD481C0CBD9}.Debug|Any CPU.Build.0 = Debug|Any CPU
		{4AB6E7A4-C866-4C16-8AF4-3AD481C0CBD9}.Release|Any CPU.ActiveCfg = Release|Any CPU
		{4AB6E7A4-C866-4C16-8AF4-3AD481C0CBD9}.Release|Any CPU.Build.0 = Release|Any CPU
		{947F08ED-D33A-4023-9B4B-F213990B41B8}.Debug|Any CPU.ActiveCfg = Debug|Any CPU
		{947F08ED-D33A-4023-9B4B-F213990B41B8}.Debug|Any CPU.Build.0 = Debug|Any CPU
		{947F08ED-D33A-4023-9B4B-F213990B41B8}.Release|Any CPU.ActiveCfg = Release|Any CPU
		{947F08ED-D33A-4023-9B4B-F213990B41B8}.Release|Any CPU.Build.0 = Release|Any CPU
		{191775B9-6581-4FF9-9BDE-8341A7CB0A18}.Debug|Any CPU.ActiveCfg = Debug|Any CPU
		{191775B9-6581-4FF9-9BDE-8341A7CB0A18}.Debug|Any CPU.Build.0 = Debug|Any CPU
		{191775B9-6581-4FF9-9BDE-8341A7CB0A18}.Release|Any CPU.ActiveCfg = Release|Any CPU
		{191775B9-6581-4FF9-9BDE-8341A7CB0A18}.Release|Any CPU.Build.0 = Release|Any CPU
		{FA997D77-E303-4818-86E7-8D0019F4E16D}.Debug|Any CPU.ActiveCfg = Debug|Any CPU
		{FA997D77-E303-4818-86E7-8D0019F4E16D}.Debug|Any CPU.Build.0 = Debug|Any CPU
		{FA997D77-E303-4818-86E7-8D0019F4E16D}.Release|Any CPU.ActiveCfg = Release|Any CPU
		{FA997D77-E303-4818-86E7-8D0019F4E16D}.Release|Any CPU.Build.0 = Release|Any CPU
	EndGlobalSection
	GlobalSection(SolutionProperties) = preSolution
		HideSolutionNode = FALSE
	EndGlobalSection
	GlobalSection(ExtensibilityGlobals) = postSolution
		SolutionGuid = {37C26718-FC0C-4284-9F05-7B7882F370F7}
	EndGlobalSection
EndGlobal
